
Microsoft Visual Studio Solution File, Format Version 12.00
# Visual Studio Version 17
VisualStudioVersion = 17.7.34009.444
MinimumVisualStudioVersion = 10.0.40219.1
Project("{FAE04EC0-301F-11D3-BF4B-00C04F79EFBC}") = "Uzduotis 7", "Uzduotis 7.csproj", "{ED64B9C6-D930-475F-B359-5087FCB546E0}"
EndProject
Global
	GlobalSection(SolutionConfigurationPlatforms) = preSolution
		Debug|Any CPU = Debug|Any CPU
		Release|Any CPU = Release|Any CPU
	EndGlobalSection
	GlobalSection(ProjectConfigurationPlatforms) = postSolution
		{ED64B9C6-D930-475F-B359-5087FCB546E0}.Debug|Any CPU.ActiveCfg = Debug|Any CPU
		{ED64B9C6-D930-475F-B359-5087FCB546E0}.Debug|Any CPU.Build.0 = Debug|Any CPU
		{ED64B9C6-D930-475F-B359-5087FCB546E0}.Release|Any CPU.ActiveCfg = Release|Any CPU
		{ED64B9C6-D930-475F-B359-5087FCB546E0}.Release|Any CPU.Build.0 = Release|Any CPU
	EndGlobalSection
	GlobalSection(SolutionProperties) = preSolution
		HideSolutionNode = FALSE
	EndGlobalSection
	GlobalSection(ExtensibilityGlobals) = postSolution
		SolutionGuid = {8ED193B5-7C90-4E50-B806-64282505AF2C}
	EndGlobalSection
EndGlobal
